
Microsoft Visual Studio Solution File, Format Version 12.00
# Visual Studio 15
VisualStudioVersion = 15.0.27703.2000
MinimumVisualStudioVersion = 10.0.40219.1
Project("{FAE04EC0-301F-11D3-BF4B-00C04F79EFBC}") = "AniSync", "AniSync\AniSync.csproj", "{AE255397-6D14-457A-AF87-102B6A23E889}"
EndProject
Global
	GlobalSection(SolutionConfigurationPlatforms) = preSolution
		Debug|Any CPU = Debug|Any CPU
		Release|Any CPU = Release|Any CPU
	EndGlobalSection
	GlobalSection(ProjectConfigurationPlatforms) = postSolution
		{AE255397-6D14-457A-AF87-102B6A23E889}.Debug|Any CPU.ActiveCfg = Debug|Any CPU
		{AE255397-6D14-457A-AF87-102B6A23E889}.Debug|Any CPU.Build.0 = Debug|Any CPU
		{AE255397-6D14-457A-AF87-102B6A23E889}.Release|Any CPU.ActiveCfg = Release|Any CPU
		{AE255397-6D14-457A-AF87-102B6A23E889}.Release|Any CPU.Build.0 = Release|Any CPU
	EndGlobalSection
	GlobalSection(SolutionProperties) = preSolution
		HideSolutionNode = FALSE
	EndGlobalSection
	GlobalSection(ExtensibilityGlobals) = postSolution
		SolutionGuid = {11881863-754C-4944-8808-D2F841B80617}
	EndGlobalSection
EndGlobal
